
Microsoft Visual Studio Solution File, Format Version 12.00
# Visual Studio Version 16
VisualStudioVersion = 16.0.30621.155
MinimumVisualStudioVersion = 10.0.40219.1
Project("{9A19103F-16F7-4668-BE54-9A1E7A4F7556}") = "ConcurrentCache", "ConcurrentCache\ConcurrentCache.csproj", "{A81A569D-C95B-423E-B12E-5F9D4D1909A0}"
EndProject
Project("{9A19103F-16F7-4668-BE54-9A1E7A4F7556}") = "ConcurrentCacheTests", "ConcurrentCacheTests\ConcurrentCacheTests.csproj", "{67268C72-D3B2-4D8C-BA10-9B3AFB2A7F29}"
EndProject
Global
	GlobalSection(SolutionConfigurationPlatforms) = preSolution
		Debug|Any CPU = Debug|Any CPU
		Release|Any CPU = Release|Any CPU
	EndGlobalSection
	GlobalSection(ProjectConfigurationPlatforms) = postSolution
		{A81A569D-C95B-423E-B12E-5F9D4D1909A0}.Debug|Any CPU.ActiveCfg = Debug|Any CPU
		{A81A569D-C95B-423E-B12E-5F9D4D1909A0}.Debug|Any CPU.Build.0 = Debug|Any CPU
		{A81A569D-C95B-423E-B12E-5F9D4D1909A0}.Release|Any CPU.ActiveCfg = Release|Any CPU
		{A81A569D-C95B-423E-B12E-5F9D4D1909A0}.Release|Any CPU.Build.0 = Release|Any CPU
		{67268C72-D3B2-4D8C-BA10-9B3AFB2A7F29}.Debug|Any CPU.ActiveCfg = Debug|Any CPU
		{67268C72-D3B2-4D8C-BA10-9B3AFB2A7F29}.Debug|Any CPU.Build.0 = Debug|Any CPU
		{67268C72-D3B2-4D8C-BA10-9B3AFB2A7F29}.Release|Any CPU.ActiveCfg = Release|Any CPU
		{67268C72-D3B2-4D8C-BA10-9B3AFB2A7F29}.Release|Any CPU.Build.0 = Release|Any CPU
	EndGlobalSection
	GlobalSection(SolutionProperties) = preSolution
		HideSolutionNode = FALSE
	EndGlobalSection
	GlobalSection(ExtensibilityGlobals) = postSolution
		SolutionGuid = {028593B7-4222-4BED-AB1D-4036074AD2B7}
	EndGlobalSection
EndGlobal
